{
  "object": {
    "pins": [
      {
        "package": "ComScore",
        "repositoryURL": "https://github.com/comScore/Comscore-Swift-Package-Manager.git",
        "state": {
          "branch": null,
          "revision": "1bdfebcc54cef4ae96e3627f9014446218e806ca",
          "version": "6.8.1"
        }
      },
      {
        "package": "Airship",
        "repositoryURL": "https://github.com/urbanairship/ios-library.git",
        "state": {
          "branch": null,
          "revision": "98ab08b1ffd224c393a67bf6eb1711878e321656",
          "version": "14.5.1"
        }
      }
    ]
  },
  "version": 1
}
